
Microsoft Visual Studio Solution File, Format Version 12.00
# Visual Studio Version 17
VisualStudioVersion = 17.13.35806.99 d17.13
MinimumVisualStudioVersion = 10.0.40219.1
Project("{FAE04EC0-301F-11D3-BF4B-00C04F79EFBC}") = "ApiPiaget", "ApiPiaget\ApiPiaget.csproj", "{7599D22D-8D6F-496F-84AC-0CA8946AEA7E}"
EndProject
Global
	GlobalSection(SolutionConfigurationPlatforms) = preSolution
		Debug|Any CPU = Debug|Any CPU
		Release|Any CPU = Release|Any CPU
	EndGlobalSection
	GlobalSection(ProjectConfigurationPlatforms) = postSolution
		{7599D22D-8D6F-496F-84AC-0CA8946AEA7E}.Debug|Any CPU.ActiveCfg = Debug|Any CPU
		{7599D22D-8D6F-496F-84AC-0CA8946AEA7E}.Debug|Any CPU.Build.0 = Debug|Any CPU
		{7599D22D-8D6F-496F-84AC-0CA8946AEA7E}.Release|Any CPU.ActiveCfg = Release|Any CPU
		{7599D22D-8D6F-496F-84AC-0CA8946AEA7E}.Release|Any CPU.Build.0 = Release|Any CPU
	EndGlobalSection
	GlobalSection(SolutionProperties) = preSolution
		HideSolutionNode = FALSE
	EndGlobalSection
	GlobalSection(ExtensibilityGlobals) = postSolution
		SolutionGuid = {DF3CDCCA-7E2C-4836-8F59-9DCE25D27228}
	EndGlobalSection
EndGlobal
